
Microsoft Visual Studio Solution File, Format Version 12.00
# Visual Studio 14
VisualStudioVersion = 14.0.25123.0
MinimumVisualStudioVersion = 10.0.40219.1
Project("{FAE04EC0-301F-11D3-BF4B-00C04F79EFBC}") = "mycantina.UI", "mycantina.UI\mycantina.UI.csproj", "{FC6BBF43-8341-443B-9955-18EB555C7E55}"
EndProject
Project("{FAE04EC0-301F-11D3-BF4B-00C04F79EFBC}") = "mycantina", "mycantina\mycantina.csproj", "{BA492D5A-86C3-4966-A55E-8ACE249C35BC}"
EndProject
Global
	GlobalSection(SolutionConfigurationPlatforms) = preSolution
		Debug|Any CPU = Debug|Any CPU
		Release|Any CPU = Release|Any CPU
	EndGlobalSection
	GlobalSection(ProjectConfigurationPlatforms) = postSolution
		{FC6BBF43-8341-443B-9955-18EB555C7E55}.Debug|Any CPU.ActiveCfg = Debug|Any CPU
		{FC6BBF43-8341-443B-9955-18EB555C7E55}.Debug|Any CPU.Build.0 = Debug|Any CPU
		{FC6BBF43-8341-443B-9955-18EB555C7E55}.Release|Any CPU.ActiveCfg = Release|Any CPU
		{FC6BBF43-8341-443B-9955-18EB555C7E55}.Release|Any CPU.Build.0 = Release|Any CPU
		{BA492D5A-86C3-4966-A55E-8ACE249C35BC}.Debug|Any CPU.ActiveCfg = Debug|Any CPU
		{BA492D5A-86C3-4966-A55E-8ACE249C35BC}.Debug|Any CPU.Build.0 = Debug|Any CPU
		{BA492D5A-86C3-4966-A55E-8ACE249C35BC}.Release|Any CPU.ActiveCfg = Release|Any CPU
		{BA492D5A-86C3-4966-A55E-8ACE249C35BC}.Release|Any CPU.Build.0 = Release|Any CPU
	EndGlobalSection
	GlobalSection(SolutionProperties) = preSolution
		HideSolutionNode = FALSE
	EndGlobalSection
EndGlobal
